# This file is generated by running "yarn install" inside your project.
# Manual changes might be lost - proceed with caution!

__metadata:
  version: 6
  cacheKey: 8

"prettier@npm:^3.2.5":
  version: 3.2.5
  resolution: "prettier@npm:3.2.5"
  bin:
    prettier: bin/prettier.cjs
  checksum: 2ee4e1417572372afb7a13bb446b34f20f1bf1747db77cf6ccaf57a9be005f2f15c40f903d41a6b79eec3f57fff14d32a20fb6dee1f126da48908926fe43c311
  languageName: node
  linkType: hard

"telegram-webapps@workspace:.":
  version: 0.0.0-use.local
  resolution: "telegram-webapps@workspace:."
  dependencies:
    prettier: ^3.2.5
    typescript: ^5.4.4
  languageName: unknown
  linkType: soft

"typescript@npm:^5.4.4":
  version: 5.4.4
  resolution: "typescript@npm:5.4.4"
  bin:
    tsc: bin/tsc
    tsserver: bin/tsserver
  checksum: a7b54515d2adfc75c8d14188af0216b6b9ae3c192c9732797c24b1d14608eac1c83be7b1c65ce6f4ced0f2c40583f11b495fe1ba3d982afadbcc523517d183c8
  languageName: node
  linkType: hard

"typescript@patch:typescript@^5.4.4#~builtin<compat/typescript>":
  version: 5.4.4
  resolution: "typescript@patch:typescript@npm%3A5.4.4#~builtin<compat/typescript>::version=5.4.4&hash=f3b441"
  bin:
    tsc: bin/tsc
    tsserver: bin/tsserver
  checksum: 34e8fe6b892736204c6c72ae9e3027fb37f23e34cf748340712101cbe9c55527c379c4d275c407e5c66ff73eca56c7425b1fb4ac5b23dc7a62413cf6a8af98e8
  languageName: node
  linkType: hard
