# This file is generated by running "yarn install" inside your project.
# Manual changes might be lost - proceed with caution!

__metadata:
  version: 6
  cacheKey: 8

"prettier@npm:^3.3.3":
  version: 3.3.3
  resolution: "prettier@npm:3.3.3"
  bin:
    prettier: bin/prettier.cjs
  checksum: bc8604354805acfdde6106852d14b045bb20827ad76a5ffc2455b71a8257f94de93f17f14e463fe844808d2ccc87248364a5691488a3304f1031326e62d9276e
  languageName: node
  linkType: hard

"telegram-webapps@workspace:.":
  version: 0.0.0-use.local
  resolution: "telegram-webapps@workspace:."
  dependencies:
    prettier: ^3.3.3
    typescript: ^5.5.4
  languageName: unknown
  linkType: soft

"typescript@npm:^5.5.4":
  version: 5.5.4
  resolution: "typescript@npm:5.5.4"
  bin:
    tsc: bin/tsc
    tsserver: bin/tsserver
  checksum: b309040f3a1cd91c68a5a58af6b9fdd4e849b8c42d837b2c2e73f9a4f96a98c4f1ed398a9aab576ee0a4748f5690cf594e6b99dbe61de7839da748c41e6d6ca8
  languageName: node
  linkType: hard

"typescript@patch:typescript@^5.5.4#~builtin<compat/typescript>":
  version: 5.5.4
  resolution: "typescript@patch:typescript@npm%3A5.5.4#~builtin<compat/typescript>::version=5.5.4&hash=f3b441"
  bin:
    tsc: bin/tsc
    tsserver: bin/tsserver
  checksum: fc52962f31a5bcb716d4213bef516885e4f01f30cea797a831205fc9ef12b405a40561c40eae3127ab85ba1548e7df49df2bcdee6b84a94bfbe3a0d7eff16b14
  languageName: node
  linkType: hard
