# This file is generated by running "yarn install" inside your project.
# Manual changes might be lost - proceed with caution!

__metadata:
  version: 6
  cacheKey: 8

"prettier@npm:^3.5.3":
  version: 3.5.3
  resolution: "prettier@npm:3.5.3"
  bin:
    prettier: bin/prettier.cjs
  checksum: 61e97bb8e71a95d8f9c71f1fd5229c9aaa9d1e184dedb12399f76aa802fb6fdc8954ecac9df25a7f82ee7311cf8ddbd06baf5507388fc98e5b44036cc6a88a1b
  languageName: node
  linkType: hard

"telegram-webapps@workspace:.":
  version: 0.0.0-use.local
  resolution: "telegram-webapps@workspace:."
  dependencies:
    prettier: ^3.5.3
    typescript: ^5.8.2
  languageName: unknown
  linkType: soft

"typescript@npm:^5.8.2":
  version: 5.8.2
  resolution: "typescript@npm:5.8.2"
  bin:
    tsc: bin/tsc
    tsserver: bin/tsserver
  checksum: 7f9e3d7ac15da6df713e439e785e51facd65d6450d5f51fab3e8d2f2e3f4eb317080d895480b8e305450cdbcb37e17383e8bf521e7395f8b556e2f2a4730ed86
  languageName: node
  linkType: hard

"typescript@patch:typescript@^5.8.2#~builtin<compat/typescript>":
  version: 5.8.2
  resolution: "typescript@patch:typescript@npm%3A5.8.2#~builtin<compat/typescript>::version=5.8.2&hash=f3b441"
  bin:
    tsc: bin/tsc
    tsserver: bin/tsserver
  checksum: a58d19ff9811c1764a299dd83ca20ed8020f0ab642906dafc880121b710751227201531fdc99878158205c356ac79679b0b61ac5b42eda0e28bfb180947a258d
  languageName: node
  linkType: hard
